
Microsoft Visual Studio Solution File, Format Version 12.00
Project("{FAE04EC0-301F-11D3-BF4B-00C04F79EFBC}") = "Freedom", "Freedom\Freedom.csproj", "{4C23866B-582E-49BE-A104-6B7D25019032}"
EndProject
Project("{FAE04EC0-301F-11D3-BF4B-00C04F79EFBC}") = "Freedom.Core", "Freedom.Core\Freedom.Core.csproj", "{FD2DB31D-8EA4-4827-B94E-B83D749533C2}"
EndProject
Project("{FAE04EC0-301F-11D3-BF4B-00C04F79EFBC}") = "Freedom.Infrastructure", "Freedom.Infrastructure\Freedom.Infrastructure.csproj", "{B82F6113-82D5-490E-8AAC-0393E6154F2D}"
EndProject
Global
	GlobalSection(SolutionConfigurationPlatforms) = preSolution
		Debug|Any CPU = Debug|Any CPU
		Release|Any CPU = Release|Any CPU
	EndGlobalSection
	GlobalSection(ProjectConfigurationPlatforms) = postSolution
		{4C23866B-582E-49BE-A104-6B7D25019032}.Debug|Any CPU.ActiveCfg = Debug|Any CPU
		{4C23866B-582E-49BE-A104-6B7D25019032}.Debug|Any CPU.Build.0 = Debug|Any CPU
		{4C23866B-582E-49BE-A104-6B7D25019032}.Release|Any CPU.ActiveCfg = Release|Any CPU
		{4C23866B-582E-49BE-A104-6B7D25019032}.Release|Any CPU.Build.0 = Release|Any CPU
		{FD2DB31D-8EA4-4827-B94E-B83D749533C2}.Debug|Any CPU.ActiveCfg = Debug|Any CPU
		{FD2DB31D-8EA4-4827-B94E-B83D749533C2}.Debug|Any CPU.Build.0 = Debug|Any CPU
		{FD2DB31D-8EA4-4827-B94E-B83D749533C2}.Release|Any CPU.ActiveCfg = Release|Any CPU
		{FD2DB31D-8EA4-4827-B94E-B83D749533C2}.Release|Any CPU.Build.0 = Release|Any CPU
		{B82F6113-82D5-490E-8AAC-0393E6154F2D}.Debug|Any CPU.ActiveCfg = Debug|Any CPU
		{B82F6113-82D5-490E-8AAC-0393E6154F2D}.Debug|Any CPU.Build.0 = Debug|Any CPU
		{B82F6113-82D5-490E-8AAC-0393E6154F2D}.Release|Any CPU.ActiveCfg = Release|Any CPU
		{B82F6113-82D5-490E-8AAC-0393E6154F2D}.Release|Any CPU.Build.0 = Release|Any CPU
	EndGlobalSection
EndGlobal
